
Microsoft Visual Studio Solution File, Format Version 12.00
# Visual Studio Version 16
VisualStudioVersion = 17.0.31611.283
MinimumVisualStudioVersion = 10.0.40219.1
Project("{FAE04EC0-301F-11D3-BF4B-00C04F79EFBC}") = "SqlUsage", "SqlUsage\SqlUsage.csproj", "{3DADADE7-2E65-42C6-8AA1-0B54CFC25BF5}"
EndProject
Project("{FAE04EC0-301F-11D3-BF4B-00C04F79EFBC}") = "SqlUsage.SourceGenerators", "SqlUsage.SourceGenerators\SqlUsage.SourceGenerators.csproj", "{593C7083-054E-440F-953C-9E669A17BEDD}"
EndProject
Global
	GlobalSection(SolutionConfigurationPlatforms) = preSolution
		Debug|Any CPU = Debug|Any CPU
		Release|Any CPU = Release|Any CPU
	EndGlobalSection
	GlobalSection(ProjectConfigurationPlatforms) = postSolution
		{3DADADE7-2E65-42C6-8AA1-0B54CFC25BF5}.Debug|Any CPU.ActiveCfg = Debug|Any CPU
		{3DADADE7-2E65-42C6-8AA1-0B54CFC25BF5}.Debug|Any CPU.Build.0 = Debug|Any CPU
		{3DADADE7-2E65-42C6-8AA1-0B54CFC25BF5}.Debug|Any CPU.Deploy.0 = Debug|Any CPU
		{3DADADE7-2E65-42C6-8AA1-0B54CFC25BF5}.Release|Any CPU.ActiveCfg = Release|Any CPU
		{3DADADE7-2E65-42C6-8AA1-0B54CFC25BF5}.Release|Any CPU.Build.0 = Release|Any CPU
		{3DADADE7-2E65-42C6-8AA1-0B54CFC25BF5}.Release|Any CPU.Deploy.0 = Release|Any CPU
		{593C7083-054E-440F-953C-9E669A17BEDD}.Debug|Any CPU.ActiveCfg = Debug|Any CPU
		{593C7083-054E-440F-953C-9E669A17BEDD}.Debug|Any CPU.Build.0 = Debug|Any CPU
		{593C7083-054E-440F-953C-9E669A17BEDD}.Release|Any CPU.ActiveCfg = Release|Any CPU
		{593C7083-054E-440F-953C-9E669A17BEDD}.Release|Any CPU.Build.0 = Release|Any CPU
	EndGlobalSection
	GlobalSection(SolutionProperties) = preSolution
		HideSolutionNode = FALSE
	EndGlobalSection
	GlobalSection(ExtensibilityGlobals) = postSolution
		SolutionGuid = {61F7FB11-1E47-470C-91E2-47F8143E1572}
	EndGlobalSection
EndGlobal
